
Microsoft Visual Studio Solution File, Format Version 12.00
# Visual Studio 15
VisualStudioVersion = 15.0.28307.106
MinimumVisualStudioVersion = 10.0.40219.1
Project("{FAE04EC0-301F-11D3-BF4B-00C04F79EFBC}") = "WpfGecko", "src\WpfGecko.csproj", "{B0B145BE-D4C5-4223-8998-2ACE9602A898}"
EndProject
Global
	GlobalSection(SolutionConfigurationPlatforms) = preSolution
		Debug|Any CPU = Debug|Any CPU
		Release|Any CPU = Release|Any CPU
	EndGlobalSection
	GlobalSection(ProjectConfigurationPlatforms) = postSolution
		{B0B145BE-D4C5-4223-8998-2ACE9602A898}.Debug|Any CPU.ActiveCfg = Debug|Any CPU
		{B0B145BE-D4C5-4223-8998-2ACE9602A898}.Debug|Any CPU.Build.0 = Debug|Any CPU
		{B0B145BE-D4C5-4223-8998-2ACE9602A898}.Release|Any CPU.ActiveCfg = Release|Any CPU
		{B0B145BE-D4C5-4223-8998-2ACE9602A898}.Release|Any CPU.Build.0 = Release|Any CPU
	EndGlobalSection
	GlobalSection(SolutionProperties) = preSolution
		HideSolutionNode = FALSE
	EndGlobalSection
	GlobalSection(ExtensibilityGlobals) = postSolution
		SolutionGuid = {D36E580F-16E8-4981-83BC-F16C46A4486E}
	EndGlobalSection
EndGlobal
